
Microsoft Visual Studio Solution File, Format Version 12.00
# Visual Studio 15
VisualStudioVersion = 15.0.27428.2005
MinimumVisualStudioVersion = 10.0.40219.1
Project("{9A19103F-16F7-4668-BE54-9A1E7A4F7556}") = "01-Annotation02", "01-annotation02\01-Annotation02.csproj", "{E0724A1B-6018-4B04-96B4-91A3CBC7730B}"
EndProject
Project("{9A19103F-16F7-4668-BE54-9A1E7A4F7556}") = "02-Acquisition01", "02-acquisition01\02-Acquisition01.csproj", "{EB88AFC5-F829-45D2-A94D-3300EE5601B2}"
EndProject
Project("{9A19103F-16F7-4668-BE54-9A1E7A4F7556}") = "02-Acquisition02", "02-acquisition02\02-Acquisition02.csproj", "{83C40454-E2E8-4F2B-BC2B-B89274D40BBA}"
EndProject
Global
	GlobalSection(SolutionConfigurationPlatforms) = preSolution
		Debug|Any CPU = Debug|Any CPU
		Release|Any CPU = Release|Any CPU
	EndGlobalSection
	GlobalSection(ProjectConfigurationPlatforms) = postSolution
		{E0724A1B-6018-4B04-96B4-91A3CBC7730B}.Debug|Any CPU.ActiveCfg = Debug|Any CPU
		{E0724A1B-6018-4B04-96B4-91A3CBC7730B}.Debug|Any CPU.Build.0 = Debug|Any CPU
		{E0724A1B-6018-4B04-96B4-91A3CBC7730B}.Release|Any CPU.ActiveCfg = Release|Any CPU
		{E0724A1B-6018-4B04-96B4-91A3CBC7730B}.Release|Any CPU.Build.0 = Release|Any CPU
		{EB88AFC5-F829-45D2-A94D-3300EE5601B2}.Debug|Any CPU.ActiveCfg = Debug|Any CPU
		{EB88AFC5-F829-45D2-A94D-3300EE5601B2}.Debug|Any CPU.Build.0 = Debug|Any CPU
		{EB88AFC5-F829-45D2-A94D-3300EE5601B2}.Release|Any CPU.ActiveCfg = Release|Any CPU
		{EB88AFC5-F829-45D2-A94D-3300EE5601B2}.Release|Any CPU.Build.0 = Release|Any CPU
		{83C40454-E2E8-4F2B-BC2B-B89274D40BBA}.Debug|Any CPU.ActiveCfg = Debug|Any CPU
		{83C40454-E2E8-4F2B-BC2B-B89274D40BBA}.Debug|Any CPU.Build.0 = Debug|Any CPU
		{83C40454-E2E8-4F2B-BC2B-B89274D40BBA}.Release|Any CPU.ActiveCfg = Release|Any CPU
		{83C40454-E2E8-4F2B-BC2B-B89274D40BBA}.Release|Any CPU.Build.0 = Release|Any CPU
	EndGlobalSection
	GlobalSection(SolutionProperties) = preSolution
		HideSolutionNode = FALSE
	EndGlobalSection
	GlobalSection(ExtensibilityGlobals) = postSolution
		SolutionGuid = {1A16453F-47E0-4655-9426-FBE3317296AF}
	EndGlobalSection
EndGlobal
